
Microsoft Visual Studio Solution File, Format Version 12.00
# Visual Studio Version 16
VisualStudioVersion = 16.0.30804.86
MinimumVisualStudioVersion = 10.0.40219.1
Project("{FAE04EC0-301F-11D3-BF4B-00C04F79EFBC}") = "ClassMethotDemo", "ClassMethotDemo\ClassMethotDemo.csproj", "{CF584CE8-B62A-48BD-A6A7-3B35CF1A4EBC}"
EndProject
Global
	GlobalSection(SolutionConfigurationPlatforms) = preSolution
		Debug|Any CPU = Debug|Any CPU
		Release|Any CPU = Release|Any CPU
	EndGlobalSection
	GlobalSection(ProjectConfigurationPlatforms) = postSolution
		{CF584CE8-B62A-48BD-A6A7-3B35CF1A4EBC}.Debug|Any CPU.ActiveCfg = Debug|Any CPU
		{CF584CE8-B62A-48BD-A6A7-3B35CF1A4EBC}.Debug|Any CPU.Build.0 = Debug|Any CPU
		{CF584CE8-B62A-48BD-A6A7-3B35CF1A4EBC}.Release|Any CPU.ActiveCfg = Release|Any CPU
		{CF584CE8-B62A-48BD-A6A7-3B35CF1A4EBC}.Release|Any CPU.Build.0 = Release|Any CPU
	EndGlobalSection
	GlobalSection(SolutionProperties) = preSolution
		HideSolutionNode = FALSE
	EndGlobalSection
	GlobalSection(ExtensibilityGlobals) = postSolution
		SolutionGuid = {CAC119B0-6B7C-429E-BB9D-03EA1DE0B841}
	EndGlobalSection
EndGlobal
